
Microsoft Visual Studio Solution File, Format Version 12.00
# Visual Studio Version 17
VisualStudioVersion = 17.8.34309.116
MinimumVisualStudioVersion = 10.0.40219.1
Project("{FAE04EC0-301F-11D3-BF4B-00C04F79EFBC}") = "CKLabs.Data", "src\CKLabs.Data\CKLabs.Data.csproj", "{9DBCECEA-FFD1-4F16-BF2A-ED79EA331A28}"
EndProject
Project("{FAE04EC0-301F-11D3-BF4B-00C04F79EFBC}") = "CKLabs.Business", "src\CKLabs.Business\CKLabs.Business.csproj", "{ADBF9DCD-027B-42EE-9BE0-8DAADDD4FF69}"
EndProject
Global
	GlobalSection(SolutionConfigurationPlatforms) = preSolution
		Debug|Any CPU = Debug|Any CPU
		Release|Any CPU = Release|Any CPU
	EndGlobalSection
	GlobalSection(ProjectConfigurationPlatforms) = postSolution
		{9DBCECEA-FFD1-4F16-BF2A-ED79EA331A28}.Debug|Any CPU.ActiveCfg = Debug|Any CPU
		{9DBCECEA-FFD1-4F16-BF2A-ED79EA331A28}.Debug|Any CPU.Build.0 = Debug|Any CPU
		{9DBCECEA-FFD1-4F16-BF2A-ED79EA331A28}.Release|Any CPU.ActiveCfg = Release|Any CPU
		{9DBCECEA-FFD1-4F16-BF2A-ED79EA331A28}.Release|Any CPU.Build.0 = Release|Any CPU
		{ADBF9DCD-027B-42EE-9BE0-8DAADDD4FF69}.Debug|Any CPU.ActiveCfg = Debug|Any CPU
		{ADBF9DCD-027B-42EE-9BE0-8DAADDD4FF69}.Debug|Any CPU.Build.0 = Debug|Any CPU
		{ADBF9DCD-027B-42EE-9BE0-8DAADDD4FF69}.Release|Any CPU.ActiveCfg = Release|Any CPU
		{ADBF9DCD-027B-42EE-9BE0-8DAADDD4FF69}.Release|Any CPU.Build.0 = Release|Any CPU
	EndGlobalSection
	GlobalSection(SolutionProperties) = preSolution
		HideSolutionNode = FALSE
	EndGlobalSection
	GlobalSection(ExtensibilityGlobals) = postSolution
		SolutionGuid = {7AB67680-7171-492E-BBD1-574A84D4946C}
	EndGlobalSection
EndGlobal
